
Microsoft Visual Studio Solution File, Format Version 12.00
# Visual Studio 15
VisualStudioVersion = 15.0.28307.1684
MinimumVisualStudioVersion = 10.0.40219.1
Project("{8BC9CEB8-8B4A-11D0-8D11-00A0C91BC942}") = "STLinkV3", "STLinkV3.vcxproj", "{F6E15457-0939-456E-B96E-FF29D9A4DB25}"
EndProject
Global
	GlobalSection(SolutionConfigurationPlatforms) = preSolution
		Debug|Win32 = Debug|Win32
		Release|Win32 = Release|Win32
	EndGlobalSection
	GlobalSection(ProjectConfigurationPlatforms) = postSolution
		{F6E15457-0939-456E-B96E-FF29D9A4DB25}.Debug|Win32.ActiveCfg = Debug|Win32
		{F6E15457-0939-456E-B96E-FF29D9A4DB25}.Debug|Win32.Build.0 = Debug|Win32
		{F6E15457-0939-456E-B96E-FF29D9A4DB25}.Release|Win32.ActiveCfg = Release|Win32
		{F6E15457-0939-456E-B96E-FF29D9A4DB25}.Release|Win32.Build.0 = Release|Win32
	EndGlobalSection
	GlobalSection(SolutionProperties) = preSolution
		HideSolutionNode = FALSE
	EndGlobalSection
	GlobalSection(ExtensibilityGlobals) = postSolution
		SolutionGuid = {6023C493-56EB-42C6-AA26-1D57C7BA27BF}
	EndGlobalSection
EndGlobal
